// !$*UTF8*$!
{
	archiveVersion = 1;
	classes = {
	};
	objectVersion = 51;
	objects = {

/* Begin PBXBuildFile section */
		147D966795FD748986B5A937 /* Pods_Checklist_creator.framework in Frameworks */ = {isa = PBXBuildFile; fileRef = 68693E60595D8E69EC5476EE /* Pods_Checklist_creator.framework */; };
		322D03F022C403E80040E25F /* NibLoadable.swift in Sources */ = {isa = PBXBuildFile; fileRef = 322D03EF22C403E80040E25F /* NibLoadable.swift */; };
		322D03F222C404FE0040E25F /* UIView extension.swift in Sources */ = {isa = PBXBuildFile; fileRef = 322D03F122C404FE0040E25F /* UIView extension.swift */; };
		322D03F922C40A880040E25F /* PlaceholderView.xib in Resources */ = {isa = PBXBuildFile; fileRef = 322D03F722C40A2B0040E25F /* PlaceholderView.xib */; };
		3230728922F225A8002D0395 /* ChecklistTableViewCell.xib in Resources */ = {isa = PBXBuildFile; fileRef = 3230728822F225A8002D0395 /* ChecklistTableViewCell.xib */; };
		3233C8C322F74AFF00914F7A /* ChecklistDetailsViewController.swift in Sources */ = {isa = PBXBuildFile; fileRef = 3233C8C222F74AFF00914F7A /* ChecklistDetailsViewController.swift */; };
		3233C8C522F74B1100914F7A /* ChecklistDetailsViewController.storyboard in Resources */ = {isa = PBXBuildFile; fileRef = 3233C8C422F74B1100914F7A /* ChecklistDetailsViewController.storyboard */; };
		32425A1622A43654008349D0 /* AppDelegate.swift in Sources */ = {isa = PBXBuildFile; fileRef = 32425A1522A43654008349D0 /* AppDelegate.swift */; };
		32425A1D22A43656008349D0 /* Assets.xcassets in Resources */ = {isa = PBXBuildFile; fileRef = 32425A1C22A43656008349D0 /* Assets.xcassets */; };
		32425A2022A43656008349D0 /* LaunchScreen.storyboard in Resources */ = {isa = PBXBuildFile; fileRef = 32425A1E22A43656008349D0 /* LaunchScreen.storyboard */; };
		32425A3222A437A2008349D0 /* ListViewController.storyboard in Resources */ = {isa = PBXBuildFile; fileRef = 32425A3122A437A2008349D0 /* ListViewController.storyboard */; };
		32425A3622A43B9E008349D0 /* ListViewController.swift in Sources */ = {isa = PBXBuildFile; fileRef = 32425A3522A43B9E008349D0 /* ListViewController.swift */; };
		32425A3B22A4471F008349D0 /* CreateChecklistViewController.storyboard in Resources */ = {isa = PBXBuildFile; fileRef = 32425A3A22A4471F008349D0 /* CreateChecklistViewController.storyboard */; };
		32425A3D22A44732008349D0 /* CreateChecklistViewController.swift in Sources */ = {isa = PBXBuildFile; fileRef = 32425A3C22A44732008349D0 /* CreateChecklistViewController.swift */; };
		32425A3F22A44745008349D0 /* CreateChecklistModel.swift in Sources */ = {isa = PBXBuildFile; fileRef = 32425A3E22A44745008349D0 /* CreateChecklistModel.swift */; };
		3255C4E222EE100B00863C0F /* ChecklistDataProvider.swift in Sources */ = {isa = PBXBuildFile; fileRef = 3255C4E122EE100B00863C0F /* ChecklistDataProvider.swift */; };
		327B4CB622C3E940003ADB35 /* PlaceholderView.swift in Sources */ = {isa = PBXBuildFile; fileRef = 327B4CB522C3E940003ADB35 /* PlaceholderView.swift */; };
		3285D2D222C3D76F00356786 /* ListModel.swift in Sources */ = {isa = PBXBuildFile; fileRef = 3285D2D122C3D76F00356786 /* ListModel.swift */; };
		32A857BA22F20657000376F5 /* ChecklistTableViewCell.swift in Sources */ = {isa = PBXBuildFile; fileRef = 32A857B822F20657000376F5 /* ChecklistTableViewCell.swift */; };
		32A857BD22F21232000376F5 /* ChecklistTableView.swift in Sources */ = {isa = PBXBuildFile; fileRef = 32A857BC22F21232000376F5 /* ChecklistTableView.swift */; };
		32BC48A022CA851900C18814 /* Checklist.swift in Sources */ = {isa = PBXBuildFile; fileRef = 32BC489F22CA851900C18814 /* Checklist.swift */; };
		69170474245DA39F00DEAE06 /* WeekdayCell.swift in Sources */ = {isa = PBXBuildFile; fileRef = 69170473245DA39F00DEAE06 /* WeekdayCell.swift */; };
		69170476245DDC1900DEAE06 /* DateFormatter.swift in Sources */ = {isa = PBXBuildFile; fileRef = 69170475245DDC1900DEAE06 /* DateFormatter.swift */; };
		69A1C7B5242FCA56005E82AD /* IconSelectionCell.swift in Sources */ = {isa = PBXBuildFile; fileRef = 69A1C7B4242FCA56005E82AD /* IconSelectionCell.swift */; };
		69A1C7B7242FF95E005E82AD /* ChecklistIconCell.swift in Sources */ = {isa = PBXBuildFile; fileRef = 69A1C7B6242FF95E005E82AD /* ChecklistIconCell.swift */; };
		69A9CA7C24280AFD00F3F47C /* ChecklistDetailsController.swift in Sources */ = {isa = PBXBuildFile; fileRef = 69A9CA7B24280AFD00F3F47C /* ChecklistDetailsController.swift */; };
		69A9CA7E24280C8300F3F47C /* UIViewController extension.swift in Sources */ = {isa = PBXBuildFile; fileRef = 69A9CA7D24280C8300F3F47C /* UIViewController extension.swift */; };
		69B6A826247CFECF00CF619F /* ChecklistDataProviderSpec.swift in Sources */ = {isa = PBXBuildFile; fileRef = 69B6A825247CFECF00CF619F /* ChecklistDataProviderSpec.swift */; };
		69FCDB21247D24FD004C8A1E /* BorderlessTextField.swift in Sources */ = {isa = PBXBuildFile; fileRef = 69FCDB20247D24FD004C8A1E /* BorderlessTextField.swift */; };
		69FCDB23247D2509004C8A1E /* TitleLabel.swift in Sources */ = {isa = PBXBuildFile; fileRef = 69FCDB22247D2509004C8A1E /* TitleLabel.swift */; };
		F373998B527B4E2FC44DBAC3 /* Pods_Tests.framework in Frameworks */ = {isa = PBXBuildFile; fileRef = BA525767639088E3F41C17C8 /* Pods_Tests.framework */; };
/* End PBXBuildFile section */

/* Begin PBXContainerItemProxy section */
		69B6A828247CFECF00CF619F /* PBXContainerItemProxy */ = {
			isa = PBXContainerItemProxy;
			containerPortal = 32425A0A22A43654008349D0 /* Project object */;
			proxyType = 1;
			remoteGlobalIDString = 32425A1122A43654008349D0;
			remoteInfo = "Checklist creator";
		};
/* End PBXContainerItemProxy section */

/* Begin PBXFileReference section */
		322D03EF22C403E80040E25F /* NibLoadable.swift */ = {isa = PBXFileReference; lastKnownFileType = sourcecode.swift; path = NibLoadable.swift; sourceTree = "<group>"; };
		322D03F122C404FE0040E25F /* UIView extension.swift */ = {isa = PBXFileReference; lastKnownFileType = sourcecode.swift; path = "UIView extension.swift"; sourceTree = "<group>"; };
		322D03F722C40A2B0040E25F /* PlaceholderView.xib */ = {isa = PBXFileReference; lastKnownFileType = file.xib; path = PlaceholderView.xib; sourceTree = "<group>"; };
		3230728822F225A8002D0395 /* ChecklistTableViewCell.xib */ = {isa = PBXFileReference; lastKnownFileType = file.xib; path = ChecklistTableViewCell.xib; sourceTree = "<group>"; };
		3233C8C222F74AFF00914F7A /* ChecklistDetailsViewController.swift */ = {isa = PBXFileReference; lastKnownFileType = sourcecode.swift; path = ChecklistDetailsViewController.swift; sourceTree = "<group>"; };
		3233C8C422F74B1100914F7A /* ChecklistDetailsViewController.storyboard */ = {isa = PBXFileReference; lastKnownFileType = file.storyboard; path = ChecklistDetailsViewController.storyboard; sourceTree = "<group>"; };
		32425A1222A43654008349D0 /* Checklist creator.app */ = {isa = PBXFileReference; explicitFileType = wrapper.application; includeInIndex = 0; path = "Checklist creator.app"; sourceTree = BUILT_PRODUCTS_DIR; };
		32425A1522A43654008349D0 /* AppDelegate.swift */ = {isa = PBXFileReference; lastKnownFileType = sourcecode.swift; path = AppDelegate.swift; sourceTree = "<group>"; };
		32425A1C22A43656008349D0 /* Assets.xcassets */ = {isa = PBXFileReference; lastKnownFileType = folder.assetcatalog; path = Assets.xcassets; sourceTree = "<group>"; };
		32425A1F22A43656008349D0 /* Base */ = {isa = PBXFileReference; lastKnownFileType = file.storyboard; name = Base; path = Base.lproj/LaunchScreen.storyboard; sourceTree = "<group>"; };
		32425A2122A43656008349D0 /* Info.plist */ = {isa = PBXFileReference; lastKnownFileType = text.plist.xml; path = Info.plist; sourceTree = "<group>"; };
		32425A3122A437A2008349D0 /* ListViewController.storyboard */ = {isa = PBXFileReference; lastKnownFileType = file.storyboard; path = ListViewController.storyboard; sourceTree = "<group>"; };
		32425A3522A43B9E008349D0 /* ListViewController.swift */ = {isa = PBXFileReference; lastKnownFileType = sourcecode.swift; path = ListViewController.swift; sourceTree = "<group>"; };
		32425A3A22A4471F008349D0 /* CreateChecklistViewController.storyboard */ = {isa = PBXFileReference; lastKnownFileType = file.storyboard; path = CreateChecklistViewController.storyboard; sourceTree = "<group>"; };
		32425A3C22A44732008349D0 /* CreateChecklistViewController.swift */ = {isa = PBXFileReference; lastKnownFileType = sourcecode.swift; path = CreateChecklistViewController.swift; sourceTree = "<group>"; };
		32425A3E22A44745008349D0 /* CreateChecklistModel.swift */ = {isa = PBXFileReference; lastKnownFileType = sourcecode.swift; path = CreateChecklistModel.swift; sourceTree = "<group>"; };
		3255C4E122EE100B00863C0F /* ChecklistDataProvider.swift */ = {isa = PBXFileReference; lastKnownFileType = sourcecode.swift; path = ChecklistDataProvider.swift; sourceTree = "<group>"; };
		327B4CB522C3E940003ADB35 /* PlaceholderView.swift */ = {isa = PBXFileReference; lastKnownFileType = sourcecode.swift; path = PlaceholderView.swift; sourceTree = "<group>"; };
		3285D2D122C3D76F00356786 /* ListModel.swift */ = {isa = PBXFileReference; lastKnownFileType = sourcecode.swift; path = ListModel.swift; sourceTree = "<group>"; };
		32A857B822F20657000376F5 /* ChecklistTableViewCell.swift */ = {isa = PBXFileReference; lastKnownFileType = sourcecode.swift; path = ChecklistTableViewCell.swift; sourceTree = "<group>"; };
		32A857BC22F21232000376F5 /* ChecklistTableView.swift */ = {isa = PBXFileReference; lastKnownFileType = sourcecode.swift; path = ChecklistTableView.swift; sourceTree = "<group>"; };
		32BC489F22CA851900C18814 /* Checklist.swift */ = {isa = PBXFileReference; lastKnownFileType = sourcecode.swift; path = Checklist.swift; sourceTree = "<group>"; };
		4F6F1CB47B7C8EF56A5C29AB /* Pods-Tests.release.xcconfig */ = {isa = PBXFileReference; includeInIndex = 1; lastKnownFileType = text.xcconfig; name = "Pods-Tests.release.xcconfig"; path = "Pods/Target Support Files/Pods-Tests/Pods-Tests.release.xcconfig"; sourceTree = "<group>"; };
		68693E60595D8E69EC5476EE /* Pods_Checklist_creator.framework */ = {isa = PBXFileReference; explicitFileType = wrapper.framework; includeInIndex = 0; path = Pods_Checklist_creator.framework; sourceTree = BUILT_PRODUCTS_DIR; };
		69170473245DA39F00DEAE06 /* WeekdayCell.swift */ = {isa = PBXFileReference; lastKnownFileType = sourcecode.swift; path = WeekdayCell.swift; sourceTree = "<group>"; };
		69170475245DDC1900DEAE06 /* DateFormatter.swift */ = {isa = PBXFileReference; lastKnownFileType = sourcecode.swift; path = DateFormatter.swift; sourceTree = "<group>"; };
		69A1C7B4242FCA56005E82AD /* IconSelectionCell.swift */ = {isa = PBXFileReference; lastKnownFileType = sourcecode.swift; path = IconSelectionCell.swift; sourceTree = "<group>"; };
		69A1C7B6242FF95E005E82AD /* ChecklistIconCell.swift */ = {isa = PBXFileReference; lastKnownFileType = sourcecode.swift; path = ChecklistIconCell.swift; sourceTree = "<group>"; };
		69A9CA7B24280AFD00F3F47C /* ChecklistDetailsController.swift */ = {isa = PBXFileReference; lastKnownFileType = sourcecode.swift; path = ChecklistDetailsController.swift; sourceTree = "<group>"; };
		69A9CA7D24280C8300F3F47C /* UIViewController extension.swift */ = {isa = PBXFileReference; lastKnownFileType = sourcecode.swift; path = "UIViewController extension.swift"; sourceTree = "<group>"; };
		69B6A823247CFECF00CF619F /* Tests.xctest */ = {isa = PBXFileReference; explicitFileType = wrapper.cfbundle; includeInIndex = 0; path = Tests.xctest; sourceTree = BUILT_PRODUCTS_DIR; };
		69B6A825247CFECF00CF619F /* ChecklistDataProviderSpec.swift */ = {isa = PBXFileReference; lastKnownFileType = sourcecode.swift; path = ChecklistDataProviderSpec.swift; sourceTree = "<group>"; };
		69B6A827247CFECF00CF619F /* Info.plist */ = {isa = PBXFileReference; lastKnownFileType = text.plist.xml; path = Info.plist; sourceTree = "<group>"; };
		69FCDB20247D24FD004C8A1E /* BorderlessTextField.swift */ = {isa = PBXFileReference; lastKnownFileType = sourcecode.swift; path = BorderlessTextField.swift; sourceTree = "<group>"; };
		69FCDB22247D2509004C8A1E /* TitleLabel.swift */ = {isa = PBXFileReference; lastKnownFileType = sourcecode.swift; path = TitleLabel.swift; sourceTree = "<group>"; };
		9CD92D1158343D47264D8955 /* Pods-Checklist creator.release.xcconfig */ = {isa = PBXFileReference; includeInIndex = 1; lastKnownFileType = text.xcconfig; name = "Pods-Checklist creator.release.xcconfig"; path = "Pods/Target Support Files/Pods-Checklist creator/Pods-Checklist creator.release.xcconfig"; sourceTree = "<group>"; };
		BA525767639088E3F41C17C8 /* Pods_Tests.framework */ = {isa = PBXFileReference; explicitFileType = wrapper.framework; includeInIndex = 0; path = Pods_Tests.framework; sourceTree = BUILT_PRODUCTS_DIR; };
		BAA7DE36E27949B50F4FD632 /* Pods-Tests.debug.xcconfig */ = {isa = PBXFileReference; includeInIndex = 1; lastKnownFileType = text.xcconfig; name = "Pods-Tests.debug.xcconfig"; path = "Pods/Target Support Files/Pods-Tests/Pods-Tests.debug.xcconfig"; sourceTree = "<group>"; };
		E0B08EB564652DA9C9CA11C5 /* Pods-Checklist creator.debug.xcconfig */ = {isa = PBXFileReference; includeInIndex = 1; lastKnownFileType = text.xcconfig; name = "Pods-Checklist creator.debug.xcconfig"; path = "Pods/Target Support Files/Pods-Checklist creator/Pods-Checklist creator.debug.xcconfig"; sourceTree = "<group>"; };
/* End PBXFileReference section */

/* Begin PBXFrameworksBuildPhase section */
		32425A0F22A43654008349D0 /* Frameworks */ = {
			isa = PBXFrameworksBuildPhase;
			buildActionMask = 2147483647;
			files = (
				147D966795FD748986B5A937 /* Pods_Checklist_creator.framework in Frameworks */,
			);
			runOnlyForDeploymentPostprocessing = 0;
		};
		69B6A820247CFECF00CF619F /* Frameworks */ = {
			isa = PBXFrameworksBuildPhase;
			buildActionMask = 2147483647;
			files = (
				F373998B527B4E2FC44DBAC3 /* Pods_Tests.framework in Frameworks */,
			);
			runOnlyForDeploymentPostprocessing = 0;
		};
/* End PBXFrameworksBuildPhase section */

/* Begin PBXGroup section */
		03166C4B4CB4467075811A09 /* Frameworks */ = {
			isa = PBXGroup;
			children = (
				68693E60595D8E69EC5476EE /* Pods_Checklist_creator.framework */,
				BA525767639088E3F41C17C8 /* Pods_Tests.framework */,
			);
			name = Frameworks;
			sourceTree = "<group>";
		};
		322D03EE22C403CF0040E25F /* Utils */ = {
			isa = PBXGroup;
			children = (
				322D03EF22C403E80040E25F /* NibLoadable.swift */,
				322D03F122C404FE0040E25F /* UIView extension.swift */,
				69A9CA7D24280C8300F3F47C /* UIViewController extension.swift */,
				69170475245DDC1900DEAE06 /* DateFormatter.swift */,
				69FCDB20247D24FD004C8A1E /* BorderlessTextField.swift */,
				69FCDB22247D2509004C8A1E /* TitleLabel.swift */,
			);
			path = Utils;
			sourceTree = "<group>";
		};
		3233C8C122F74AD700914F7A /* Checklist Details */ = {
			isa = PBXGroup;
			children = (
				3233C8C222F74AFF00914F7A /* ChecklistDetailsViewController.swift */,
				3233C8C422F74B1100914F7A /* ChecklistDetailsViewController.storyboard */,
				69A9CA7B24280AFD00F3F47C /* ChecklistDetailsController.swift */,
				69A1C7B6242FF95E005E82AD /* ChecklistIconCell.swift */,
				69170473245DA39F00DEAE06 /* WeekdayCell.swift */,
			);
			path = "Checklist Details";
			sourceTree = "<group>";
		};
		32425A0922A43654008349D0 = {
			isa = PBXGroup;
			children = (
				699C1CC3247D105800DB851E /* Modules */,
				322D03EE22C403CF0040E25F /* Utils */,
				69B6A824247CFECF00CF619F /* Tests */,
				32425A1322A43654008349D0 /* Products */,
				67FF49AA59097F8E7D306B02 /* Pods */,
				03166C4B4CB4467075811A09 /* Frameworks */,
			);
			sourceTree = "<group>";
		};
		32425A1322A43654008349D0 /* Products */ = {
			isa = PBXGroup;
			children = (
				32425A1222A43654008349D0 /* Checklist creator.app */,
				69B6A823247CFECF00CF619F /* Tests.xctest */,
			);
			name = Products;
			sourceTree = "<group>";
		};
		32425A1422A43654008349D0 /* List of Checklists */ = {
			isa = PBXGroup;
			children = (
				32425A3522A43B9E008349D0 /* ListViewController.swift */,
				32425A3122A437A2008349D0 /* ListViewController.storyboard */,
				3285D2D122C3D76F00356786 /* ListModel.swift */,
				32A857BC22F21232000376F5 /* ChecklistTableView.swift */,
				32A857B822F20657000376F5 /* ChecklistTableViewCell.swift */,
				3230728822F225A8002D0395 /* ChecklistTableViewCell.xib */,
				322D03F722C40A2B0040E25F /* PlaceholderView.xib */,
				327B4CB522C3E940003ADB35 /* PlaceholderView.swift */,
				32425A1522A43654008349D0 /* AppDelegate.swift */,
				32425A1C22A43656008349D0 /* Assets.xcassets */,
				32425A1E22A43656008349D0 /* LaunchScreen.storyboard */,
				32425A2122A43656008349D0 /* Info.plist */,
			);
			path = "List of Checklists";
			sourceTree = "<group>";
		};
		32425A3922A446FC008349D0 /* New Checklist */ = {
			isa = PBXGroup;
			children = (
				69A1C7A9242FB377005E82AD /* IconSelectionCollectionView */,
				32425A3A22A4471F008349D0 /* CreateChecklistViewController.storyboard */,
				32425A3C22A44732008349D0 /* CreateChecklistViewController.swift */,
				32425A3E22A44745008349D0 /* CreateChecklistModel.swift */,
			);
			path = "New Checklist";
			sourceTree = "<group>";
		};
		32BC48A422CA868700C18814 /* Checklist */ = {
			isa = PBXGroup;
			children = (
				32BC489F22CA851900C18814 /* Checklist.swift */,
				3255C4E122EE100B00863C0F /* ChecklistDataProvider.swift */,
			);
			name = Checklist;
			path = ..;
			sourceTree = "<group>";
		};
		67FF49AA59097F8E7D306B02 /* Pods */ = {
			isa = PBXGroup;
			children = (
				E0B08EB564652DA9C9CA11C5 /* Pods-Checklist creator.debug.xcconfig */,
				9CD92D1158343D47264D8955 /* Pods-Checklist creator.release.xcconfig */,
				BAA7DE36E27949B50F4FD632 /* Pods-Tests.debug.xcconfig */,
				4F6F1CB47B7C8EF56A5C29AB /* Pods-Tests.release.xcconfig */,
			);
			name = Pods;
			sourceTree = "<group>";
		};
		699C1CC3247D105800DB851E /* Modules */ = {
			isa = PBXGroup;
			children = (
				3233C8C122F74AD700914F7A /* Checklist Details */,
				32BC48A422CA868700C18814 /* Checklist */,
				32425A1422A43654008349D0 /* List of Checklists */,
				32425A3922A446FC008349D0 /* New Checklist */,
			);
			path = Modules;
			sourceTree = "<group>";
		};
		69A1C7A9242FB377005E82AD /* IconSelectionCollectionView */ = {
			isa = PBXGroup;
			children = (
				69A1C7B4242FCA56005E82AD /* IconSelectionCell.swift */,
			);
			path = IconSelectionCollectionView;
			sourceTree = "<group>";
		};
		69B6A824247CFECF00CF619F /* Tests */ = {
			isa = PBXGroup;
			children = (
				69B6A825247CFECF00CF619F /* ChecklistDataProviderSpec.swift */,
				69B6A827247CFECF00CF619F /* Info.plist */,
			);
			path = Tests;
			sourceTree = "<group>";
		};
/* End PBXGroup section */

/* Begin PBXNativeTarget section */
		32425A1122A43654008349D0 /* Checklist creator */ = {
			isa = PBXNativeTarget;
			buildConfigurationList = 32425A2422A43656008349D0 /* Build configuration list for PBXNativeTarget "Checklist creator" */;
			buildPhases = (
				6C6DFC4C1AFFE77D040B7DC5 /* [CP] Check Pods Manifest.lock */,
				32425A0E22A43654008349D0 /* Sources */,
				32425A0F22A43654008349D0 /* Frameworks */,
				32425A1022A43654008349D0 /* Resources */,
				E3D4416076122A65B556AA95 /* [CP] Embed Pods Frameworks */,
			);
			buildRules = (
			);
			dependencies = (
			);
			name = "Checklist creator";
			productName = "Checklist creator";
			productReference = 32425A1222A43654008349D0 /* Checklist creator.app */;
			productType = "com.apple.product-type.application";
		};
		69B6A822247CFECF00CF619F /* Tests */ = {
			isa = PBXNativeTarget;
			buildConfigurationList = 69B6A82C247CFECF00CF619F /* Build configuration list for PBXNativeTarget "Tests" */;
			buildPhases = (
				E3B20E8398515E13948E9FF4 /* [CP] Check Pods Manifest.lock */,
				69B6A81F247CFECF00CF619F /* Sources */,
				69B6A820247CFECF00CF619F /* Frameworks */,
				69B6A821247CFECF00CF619F /* Resources */,
				B881E869F8D01CFB61F2AC08 /* [CP] Embed Pods Frameworks */,
			);
			buildRules = (
			);
			dependencies = (
				69B6A829247CFECF00CF619F /* PBXTargetDependency */,
			);
			name = Tests;
			productName = Tests;
			productReference = 69B6A823247CFECF00CF619F /* Tests.xctest */;
			productType = "com.apple.product-type.bundle.unit-test";
		};
/* End PBXNativeTarget section */

/* Begin PBXProject section */
		32425A0A22A43654008349D0 /* Project object */ = {
			isa = PBXProject;
			attributes = {
				LastSwiftUpdateCheck = 1140;
				LastUpgradeCheck = 1020;
				ORGANIZATIONNAME = klyushkina;
				TargetAttributes = {
					32425A1122A43654008349D0 = {
						CreatedOnToolsVersion = 10.2;
					};
					69B6A822247CFECF00CF619F = {
						CreatedOnToolsVersion = 11.4.1;
						TestTargetID = 32425A1122A43654008349D0;
					};
				};
			};
			buildConfigurationList = 32425A0D22A43654008349D0 /* Build configuration list for PBXProject "Checklist creator" */;
			compatibilityVersion = "Xcode 9.3";
			developmentRegion = en;
			hasScannedForEncodings = 0;
			knownRegions = (
				en,
				Base,
			);
			mainGroup = 32425A0922A43654008349D0;
			productRefGroup = 32425A1322A43654008349D0 /* Products */;
			projectDirPath = "";
			projectRoot = "";
			targets = (
				32425A1122A43654008349D0 /* Checklist creator */,
				69B6A822247CFECF00CF619F /* Tests */,
			);
		};
/* End PBXProject section */

/* Begin PBXResourcesBuildPhase section */
		32425A1022A43654008349D0 /* Resources */ = {
			isa = PBXResourcesBuildPhase;
			buildActionMask = 2147483647;
			files = (
				3230728922F225A8002D0395 /* ChecklistTableViewCell.xib in Resources */,
				322D03F922C40A880040E25F /* PlaceholderView.xib in Resources */,
				32425A3B22A4471F008349D0 /* CreateChecklistViewController.storyboard in Resources */,
				32425A2022A43656008349D0 /* LaunchScreen.storyboard in Resources */,
				32425A3222A437A2008349D0 /* ListViewController.storyboard in Resources */,
				32425A1D22A43656008349D0 /* Assets.xcassets in Resources */,
				3233C8C522F74B1100914F7A /* ChecklistDetailsViewController.storyboard in Resources */,
			);
			runOnlyForDeploymentPostprocessing = 0;
		};
		69B6A821247CFECF00CF619F /* Resources */ = {
			isa = PBXResourcesBuildPhase;
			buildActionMask = 2147483647;
			files = (
			);
			runOnlyForDeploymentPostprocessing = 0;
		};
/* End PBXResourcesBuildPhase section */

/* Begin PBXShellScriptBuildPhase section */
		6C6DFC4C1AFFE77D040B7DC5 /* [CP] Check Pods Manifest.lock */ = {
			isa = PBXShellScriptBuildPhase;
			buildActionMask = 2147483647;
			files = (
			);
			inputFileListPaths = (
			);
			inputPaths = (
				"${PODS_PODFILE_DIR_PATH}/Podfile.lock",
				"${PODS_ROOT}/Manifest.lock",
			);
			name = "[CP] Check Pods Manifest.lock";
			outputFileListPaths = (
			);
			outputPaths = (
				"$(DERIVED_FILE_DIR)/Pods-Checklist creator-checkManifestLockResult.txt",
			);
			runOnlyForDeploymentPostprocessing = 0;
			shellPath = /bin/sh;
			shellScript = "diff \"${PODS_PODFILE_DIR_PATH}/Podfile.lock\" \"${PODS_ROOT}/Manifest.lock\" > /dev/null\nif [ $? != 0 ] ; then\n    # print error to STDERR\n    echo \"error: The sandbox is not in sync with the Podfile.lock. Run 'pod install' or update your CocoaPods installation.\" >&2\n    exit 1\nfi\n# This output is used by Xcode 'outputs' to avoid re-running this script phase.\necho \"SUCCESS\" > \"${SCRIPT_OUTPUT_FILE_0}\"\n";
			showEnvVarsInLog = 0;
		};
		B881E869F8D01CFB61F2AC08 /* [CP] Embed Pods Frameworks */ = {
			isa = PBXShellScriptBuildPhase;
			buildActionMask = 2147483647;
			files = (
			);
			inputFileListPaths = (
				"${PODS_ROOT}/Target Support Files/Pods-Tests/Pods-Tests-frameworks-${CONFIGURATION}-input-files.xcfilelist",
			);
			name = "[CP] Embed Pods Frameworks";
			outputFileListPaths = (
				"${PODS_ROOT}/Target Support Files/Pods-Tests/Pods-Tests-frameworks-${CONFIGURATION}-output-files.xcfilelist",
			);
			runOnlyForDeploymentPostprocessing = 0;
			shellPath = /bin/sh;
			shellScript = "\"${PODS_ROOT}/Target Support Files/Pods-Tests/Pods-Tests-frameworks.sh\"\n";
			showEnvVarsInLog = 0;
		};
		E3B20E8398515E13948E9FF4 /* [CP] Check Pods Manifest.lock */ = {
			isa = PBXShellScriptBuildPhase;
			buildActionMask = 2147483647;
			files = (
			);
			inputFileListPaths = (
			);
			inputPaths = (
				"${PODS_PODFILE_DIR_PATH}/Podfile.lock",
				"${PODS_ROOT}/Manifest.lock",
			);
			name = "[CP] Check Pods Manifest.lock";
			outputFileListPaths = (
			);
			outputPaths = (
				"$(DERIVED_FILE_DIR)/Pods-Tests-checkManifestLockResult.txt",
			);
			runOnlyForDeploymentPostprocessing = 0;
			shellPath = /bin/sh;
			shellScript = "diff \"${PODS_PODFILE_DIR_PATH}/Podfile.lock\" \"${PODS_ROOT}/Manifest.lock\" > /dev/null\nif [ $? != 0 ] ; then\n    # print error to STDERR\n    echo \"error: The sandbox is not in sync with the Podfile.lock. Run 'pod install' or update your CocoaPods installation.\" >&2\n    exit 1\nfi\n# This output is used by Xcode 'outputs' to avoid re-running this script phase.\necho \"SUCCESS\" > \"${SCRIPT_OUTPUT_FILE_0}\"\n";
			showEnvVarsInLog = 0;
		};
		E3D4416076122A65B556AA95 /* [CP] Embed Pods Frameworks */ = {
			isa = PBXShellScriptBuildPhase;
			buildActionMask = 2147483647;
			files = (
			);
			inputFileListPaths = (
				"${PODS_ROOT}/Target Support Files/Pods-Checklist creator/Pods-Checklist creator-frameworks-${CONFIGURATION}-input-files.xcfilelist",
			);
			name = "[CP] Embed Pods Frameworks";
			outputFileListPaths = (
				"${PODS_ROOT}/Target Support Files/Pods-Checklist creator/Pods-Checklist creator-frameworks-${CONFIGURATION}-output-files.xcfilelist",
			);
			runOnlyForDeploymentPostprocessing = 0;
			shellPath = /bin/sh;
			shellScript = "\"${PODS_ROOT}/Target Support Files/Pods-Checklist creator/Pods-Checklist creator-frameworks.sh\"\n";
			showEnvVarsInLog = 0;
		};
/* End PBXShellScriptBuildPhase section */

/* Begin PBXSourcesBuildPhase section */
		32425A0E22A43654008349D0 /* Sources */ = {
			isa = PBXSourcesBuildPhase;
			buildActionMask = 2147483647;
			files = (
				69A1C7B7242FF95E005E82AD /* ChecklistIconCell.swift in Sources */,
				32425A3F22A44745008349D0 /* CreateChecklistModel.swift in Sources */,
				32425A3D22A44732008349D0 /* CreateChecklistViewController.swift in Sources */,
				69A9CA7E24280C8300F3F47C /* UIViewController extension.swift in Sources */,
				69170474245DA39F00DEAE06 /* WeekdayCell.swift in Sources */,
				69170476245DDC1900DEAE06 /* DateFormatter.swift in Sources */,
				32BC48A022CA851900C18814 /* Checklist.swift in Sources */,
				322D03F022C403E80040E25F /* NibLoadable.swift in Sources */,
				3285D2D222C3D76F00356786 /* ListModel.swift in Sources */,
				3233C8C322F74AFF00914F7A /* ChecklistDetailsViewController.swift in Sources */,
				3255C4E222EE100B00863C0F /* ChecklistDataProvider.swift in Sources */,
				32A857BA22F20657000376F5 /* ChecklistTableViewCell.swift in Sources */,
				32425A3622A43B9E008349D0 /* ListViewController.swift in Sources */,
				69FCDB21247D24FD004C8A1E /* BorderlessTextField.swift in Sources */,
				69A1C7B5242FCA56005E82AD /* IconSelectionCell.swift in Sources */,
				32A857BD22F21232000376F5 /* ChecklistTableView.swift in Sources */,
				32425A1622A43654008349D0 /* AppDelegate.swift in Sources */,
				327B4CB622C3E940003ADB35 /* PlaceholderView.swift in Sources */,
				69FCDB23247D2509004C8A1E /* TitleLabel.swift in Sources */,
				69A9CA7C24280AFD00F3F47C /* ChecklistDetailsController.swift in Sources */,
				322D03F222C404FE0040E25F /* UIView extension.swift in Sources */,
			);
			runOnlyForDeploymentPostprocessing = 0;
		};
		69B6A81F247CFECF00CF619F /* Sources */ = {
			isa = PBXSourcesBuildPhase;
			buildActionMask = 2147483647;
			files = (
				69B6A826247CFECF00CF619F /* ChecklistDataProviderSpec.swift in Sources */,
			);
			runOnlyForDeploymentPostprocessing = 0;
		};
/* End PBXSourcesBuildPhase section */

/* Begin PBXTargetDependency section */
		69B6A829247CFECF00CF619F /* PBXTargetDependency */ = {
			isa = PBXTargetDependency;
			target = 32425A1122A43654008349D0 /* Checklist creator */;
			targetProxy = 69B6A828247CFECF00CF619F /* PBXContainerItemProxy */;
		};
/* End PBXTargetDependency section */

/* Begin PBXVariantGroup section */
		32425A1E22A43656008349D0 /* LaunchScreen.storyboard */ = {
			isa = PBXVariantGroup;
			children = (
				32425A1F22A43656008349D0 /* Base */,
			);
			name = LaunchScreen.storyboard;
			sourceTree = "<group>";
		};
/* End PBXVariantGroup section */

/* Begin XCBuildConfiguration section */
		32425A2222A43656008349D0 /* Debug */ = {
			isa = XCBuildConfiguration;
			buildSettings = {
				ALWAYS_SEARCH_USER_PATHS = NO;
				CLANG_ANALYZER_NONNULL = YES;
				CLANG_ANALYZER_NUMBER_OBJECT_CONVERSION = YES_AGGRESSIVE;
				CLANG_CXX_LANGUAGE_STANDARD = "gnu++14";
				CLANG_CXX_LIBRARY = "libc++";
				CLANG_ENABLE_MODULES = YES;
				CLANG_ENABLE_OBJC_ARC = YES;
				CLANG_ENABLE_OBJC_WEAK = YES;
				CLANG_WARN_BLOCK_CAPTURE_AUTORELEASING = YES;
				CLANG_WARN_BOOL_CONVERSION = YES;
				CLANG_WARN_COMMA = YES;
				CLANG_WARN_CONSTANT_CONVERSION = YES;
				CLANG_WARN_DEPRECATED_OBJC_IMPLEMENTATIONS = YES;
				CLANG_WARN_DIRECT_OBJC_ISA_USAGE = YES_ERROR;
				CLANG_WARN_DOCUMENTATION_COMMENTS = YES;
				CLANG_WARN_EMPTY_BODY = YES;
				CLANG_WARN_ENUM_CONVERSION = YES;
				CLANG_WARN_INFINITE_RECURSION = YES;
				CLANG_WARN_INT_CONVERSION = YES;
				CLANG_WARN_NON_LITERAL_NULL_CONVERSION = YES;
				CLANG_WARN_OBJC_IMPLICIT_RETAIN_SELF = YES;
				CLANG_WARN_OBJC_LITERAL_CONVERSION = YES;
				CLANG_WARN_OBJC_ROOT_CLASS = YES_ERROR;
				CLANG_WARN_RANGE_LOOP_ANALYSIS = YES;
				CLANG_WARN_STRICT_PROTOTYPES = YES;
				CLANG_WARN_SUSPICIOUS_MOVE = YES;
				CLANG_WARN_UNGUARDED_AVAILABILITY = YES_AGGRESSIVE;
				CLANG_WARN_UNREACHABLE_CODE = YES;
				CLANG_WARN__DUPLICATE_METHOD_MATCH = YES;
				CODE_SIGN_IDENTITY = "iPhone Developer";
				COPY_PHASE_STRIP = NO;
				DEBUG_INFORMATION_FORMAT = dwarf;
				ENABLE_BITCODE = NO;
				ENABLE_STRICT_OBJC_MSGSEND = YES;
				ENABLE_TESTABILITY = YES;
				GCC_C_LANGUAGE_STANDARD = gnu11;
				GCC_DYNAMIC_NO_PIC = NO;
				GCC_NO_COMMON_BLOCKS = YES;
				GCC_OPTIMIZATION_LEVEL = 0;
				GCC_PREPROCESSOR_DEFINITIONS = (
					"DEBUG=1",
					"$(inherited)",
				);
				GCC_WARN_64_TO_32_BIT_CONVERSION = YES;
				GCC_WARN_ABOUT_RETURN_TYPE = YES_ERROR;
				GCC_WARN_UNDECLARED_SELECTOR = YES;
				GCC_WARN_UNINITIALIZED_AUTOS = YES_AGGRESSIVE;
				GCC_WARN_UNUSED_FUNCTION = YES;
				GCC_WARN_UNUSED_VARIABLE = YES;
				IPHONEOS_DEPLOYMENT_TARGET = 12.2;
				MTL_ENABLE_DEBUG_INFO = INCLUDE_SOURCE;
				MTL_FAST_MATH = YES;
				ONLY_ACTIVE_ARCH = YES;
				SDKROOT = iphoneos;
				SWIFT_ACTIVE_COMPILATION_CONDITIONS = DEBUG;
				SWIFT_OPTIMIZATION_LEVEL = "-Onone";
			};
			name = Debug;
		};
		32425A2322A43656008349D0 /* Release */ = {
			isa = XCBuildConfiguration;
			buildSettings = {
				ALWAYS_SEARCH_USER_PATHS = NO;
				CLANG_ANALYZER_NONNULL = YES;
				CLANG_ANALYZER_NUMBER_OBJECT_CONVERSION = YES_AGGRESSIVE;
				CLANG_CXX_LANGUAGE_STANDARD = "gnu++14";
				CLANG_CXX_LIBRARY = "libc++";
				CLANG_ENABLE_MODULES = YES;
				CLANG_ENABLE_OBJC_ARC = YES;
				CLANG_ENABLE_OBJC_WEAK = YES;
				CLANG_WARN_BLOCK_CAPTURE_AUTORELEASING = YES;
				CLANG_WARN_BOOL_CONVERSION = YES;
				CLANG_WARN_COMMA = YES;
				CLANG_WARN_CONSTANT_CONVERSION = YES;
				CLANG_WARN_DEPRECATED_OBJC_IMPLEMENTATIONS = YES;
				CLANG_WARN_DIRECT_OBJC_ISA_USAGE = YES_ERROR;
				CLANG_WARN_DOCUMENTATION_COMMENTS = YES;
				CLANG_WARN_EMPTY_BODY = YES;
				CLANG_WARN_ENUM_CONVERSION = YES;
				CLANG_WARN_INFINITE_RECURSION = YES;
				CLANG_WARN_INT_CONVERSION = YES;
				CLANG_WARN_NON_LITERAL_NULL_CONVERSION = YES;
				CLANG_WARN_OBJC_IMPLICIT_RETAIN_SELF = YES;
				CLANG_WARN_OBJC_LITERAL_CONVERSION = YES;
				CLANG_WARN_OBJC_ROOT_CLASS = YES_ERROR;
				CLANG_WARN_RANGE_LOOP_ANALYSIS = YES;
				CLANG_WARN_STRICT_PROTOTYPES = YES;
				CLANG_WARN_SUSPICIOUS_MOVE = YES;
				CLANG_WARN_UNGUARDED_AVAILABILITY = YES_AGGRESSIVE;
				CLANG_WARN_UNREACHABLE_CODE = YES;
				CLANG_WARN__DUPLICATE_METHOD_MATCH = YES;
				CODE_SIGN_IDENTITY = "iPhone Developer";
				COPY_PHASE_STRIP = NO;
				DEBUG_INFORMATION_FORMAT = "dwarf-with-dsym";
				ENABLE_BITCODE = NO;
				ENABLE_NS_ASSERTIONS = NO;
				ENABLE_STRICT_OBJC_MSGSEND = YES;
				GCC_C_LANGUAGE_STANDARD = gnu11;
				GCC_NO_COMMON_BLOCKS = YES;
				GCC_WARN_64_TO_32_BIT_CONVERSION = YES;
				GCC_WARN_ABOUT_RETURN_TYPE = YES_ERROR;
				GCC_WARN_UNDECLARED_SELECTOR = YES;
				GCC_WARN_UNINITIALIZED_AUTOS = YES_AGGRESSIVE;
				GCC_WARN_UNUSED_FUNCTION = YES;
				GCC_WARN_UNUSED_VARIABLE = YES;
				IPHONEOS_DEPLOYMENT_TARGET = 12.2;
				MTL_ENABLE_DEBUG_INFO = NO;
				MTL_FAST_MATH = YES;
				SDKROOT = iphoneos;
				SWIFT_COMPILATION_MODE = wholemodule;
				SWIFT_OPTIMIZATION_LEVEL = "-O";
				VALIDATE_PRODUCT = YES;
			};
			name = Release;
		};
		32425A2522A43656008349D0 /* Debug */ = {
			isa = XCBuildConfiguration;
			baseConfigurationReference = E0B08EB564652DA9C9CA11C5 /* Pods-Checklist creator.debug.xcconfig */;
			buildSettings = {
				ASSETCATALOG_COMPILER_APPICON_NAME = AppIcon;
				CODE_SIGN_IDENTITY = "Apple Development";
				CODE_SIGN_STYLE = Automatic;
				DEVELOPMENT_TEAM = PTT8AW7PPX;
				INFOPLIST_FILE = "$(SRCROOT)/Modules/List of Checklists/Info.plist";
				IPHONEOS_DEPLOYMENT_TARGET = 12.1;
				LD_RUNPATH_SEARCH_PATHS = (
					"$(inherited)",
					"@executable_path/Frameworks",
				);
				PRODUCT_BUNDLE_IDENTIFIER = "com.klyushkina.Checklist-Creator";
				PRODUCT_NAME = "$(TARGET_NAME)";
				PROVISIONING_PROFILE_SPECIFIER = "";
				SWIFT_VERSION = 5.0;
				TARGETED_DEVICE_FAMILY = "1,2";
			};
			name = Debug;
		};
		32425A2622A43656008349D0 /* Release */ = {
			isa = XCBuildConfiguration;
			baseConfigurationReference = 9CD92D1158343D47264D8955 /* Pods-Checklist creator.release.xcconfig */;
			buildSettings = {
				ASSETCATALOG_COMPILER_APPICON_NAME = AppIcon;
				CODE_SIGN_STYLE = Automatic;
				DEVELOPMENT_TEAM = 4TV82EX237;
				INFOPLIST_FILE = "$(SRCROOT)/Modules/List of Checklists/Info.plist";
				IPHONEOS_DEPLOYMENT_TARGET = 12.1;
				LD_RUNPATH_SEARCH_PATHS = (
					"$(inherited)",
					"@executable_path/Frameworks",
				);
				PRODUCT_BUNDLE_IDENTIFIER = com.klyushkina.ChecklistCreator;
				PRODUCT_NAME = "$(TARGET_NAME)";
				SWIFT_VERSION = 5.0;
				TARGETED_DEVICE_FAMILY = "1,2";
			};
			name = Release;
		};
		69B6A82A247CFECF00CF619F /* Debug */ = {
			isa = XCBuildConfiguration;
			baseConfigurationReference = BAA7DE36E27949B50F4FD632 /* Pods-Tests.debug.xcconfig */;
			buildSettings = {
				BUNDLE_LOADER = "$(TEST_HOST)";
				CODE_SIGN_STYLE = Automatic;
				DEVELOPMENT_TEAM = PTT8AW7PPX;
				ENABLE_BITCODE = NO;
				INFOPLIST_FILE = Tests/Info.plist;
				IPHONEOS_DEPLOYMENT_TARGET = 13.4;
				LD_RUNPATH_SEARCH_PATHS = (
					"$(inherited)",
					"@executable_path/Frameworks",
					"@loader_path/Frameworks",
				);
				PRODUCT_BUNDLE_IDENTIFIER = oklyushkina.Tests;
				PRODUCT_NAME = "$(TARGET_NAME)";
				SWIFT_VERSION = 5.0;
				TARGETED_DEVICE_FAMILY = "1,2";
				TEST_HOST = "$(BUILT_PRODUCTS_DIR)/Checklist creator.app/Checklist creator";
			};
			name = Debug;
		};
		69B6A82B247CFECF00CF619F /* Release */ = {
			isa = XCBuildConfiguration;
			baseConfigurationReference = 4F6F1CB47B7C8EF56A5C29AB /* Pods-Tests.release.xcconfig */;
			buildSettings = {
				BUNDLE_LOADER = "$(TEST_HOST)";
				CODE_SIGN_STYLE = Automatic;
				DEVELOPMENT_TEAM = PTT8AW7PPX;
				ENABLE_BITCODE = NO;
				INFOPLIST_FILE = Tests/Info.plist;
				IPHONEOS_DEPLOYMENT_TARGET = 13.4;
				LD_RUNPATH_SEARCH_PATHS = (
					"$(inherited)",
					"@executable_path/Frameworks",
					"@loader_path/Frameworks",
				);
				PRODUCT_BUNDLE_IDENTIFIER = oklyushkina.Tests;
				PRODUCT_NAME = "$(TARGET_NAME)";
				SWIFT_VERSION = 5.0;
				TARGETED_DEVICE_FAMILY = "1,2";
				TEST_HOST = "$(BUILT_PRODUCTS_DIR)/Checklist creator.app/Checklist creator";
			};
			name = Release;
		};
/* End XCBuildConfiguration section */

/* Begin XCConfigurationList section */
		32425A0D22A43654008349D0 /* Build configuration list for PBXProject "Checklist creator" */ = {
			isa = XCConfigurationList;
			buildConfigurations = (
				32425A2222A43656008349D0 /* Debug */,
				32425A2322A43656008349D0 /* Release */,
			);
			defaultConfigurationIsVisible = 0;
			defaultConfigurationName = Release;
		};
		32425A2422A43656008349D0 /* Build configuration list for PBXNativeTarget "Checklist creator" */ = {
			isa = XCConfigurationList;
			buildConfigurations = (
				32425A2522A43656008349D0 /* Debug */,
				32425A2622A43656008349D0 /* Release */,
			);
			defaultConfigurationIsVisible = 0;
			defaultConfigurationName = Release;
		};
		69B6A82C247CFECF00CF619F /* Build configuration list for PBXNativeTarget "Tests" */ = {
			isa = XCConfigurationList;
			buildConfigurations = (
				69B6A82A247CFECF00CF619F /* Debug */,
				69B6A82B247CFECF00CF619F /* Release */,
			);
			defaultConfigurationIsVisible = 0;
			defaultConfigurationName = Release;
		};
/* End XCConfigurationList section */
	};
	rootObject = 32425A0A22A43654008349D0 /* Project object */;
}
