// !$*UTF8*$!
{
	archiveVersion = 1;
	classes = {
	};
	objectVersion = 51;
	objects = {

/* Begin PBXBuildFile section */
		0AEFD28872FD9212145C44BA /* Pods_ChecklistCreatorTests.framework in Frameworks */ = {isa = PBXBuildFile; fileRef = 8EB67019BC08ED779B4867BC /* Pods_ChecklistCreatorTests.framework */; };
		248138657C7815BA45F18B95 /* Pods_Checklist.framework in Frameworks */ = {isa = PBXBuildFile; fileRef = A9CD392DE972DB324CFD6576 /* Pods_Checklist.framework */; };
		322D03F022C403E80040E25F /* NibLoadable.swift in Sources */ = {isa = PBXBuildFile; fileRef = 322D03EF22C403E80040E25F /* NibLoadable.swift */; };
		322D03F222C404FE0040E25F /* UIView Extension.swift in Sources */ = {isa = PBXBuildFile; fileRef = 322D03F122C404FE0040E25F /* UIView Extension.swift */; };
		322D03F922C40A880040E25F /* PlaceholderView.xib in Resources */ = {isa = PBXBuildFile; fileRef = 322D03F722C40A2B0040E25F /* PlaceholderView.xib */; };
		3230728922F225A8002D0395 /* ChecklistTableViewCell.xib in Resources */ = {isa = PBXBuildFile; fileRef = 3230728822F225A8002D0395 /* ChecklistTableViewCell.xib */; };
		3233C8C322F74AFF00914F7A /* ChecklistDetailsViewController.swift in Sources */ = {isa = PBXBuildFile; fileRef = 3233C8C222F74AFF00914F7A /* ChecklistDetailsViewController.swift */; };
		3233C8C522F74B1100914F7A /* ChecklistDetailsViewController.storyboard in Resources */ = {isa = PBXBuildFile; fileRef = 3233C8C422F74B1100914F7A /* ChecklistDetailsViewController.storyboard */; };
		32425A1622A43654008349D0 /* AppDelegate.swift in Sources */ = {isa = PBXBuildFile; fileRef = 32425A1522A43654008349D0 /* AppDelegate.swift */; };
		32425A1D22A43656008349D0 /* Assets.xcassets in Resources */ = {isa = PBXBuildFile; fileRef = 32425A1C22A43656008349D0 /* Assets.xcassets */; };
		32425A2022A43656008349D0 /* LaunchScreen.storyboard in Resources */ = {isa = PBXBuildFile; fileRef = 32425A1E22A43656008349D0 /* LaunchScreen.storyboard */; };
		32425A3222A437A2008349D0 /* ListViewController.storyboard in Resources */ = {isa = PBXBuildFile; fileRef = 32425A3122A437A2008349D0 /* ListViewController.storyboard */; };
		32425A3622A43B9E008349D0 /* ListViewController.swift in Sources */ = {isa = PBXBuildFile; fileRef = 32425A3522A43B9E008349D0 /* ListViewController.swift */; };
		32425A3B22A4471F008349D0 /* CreateChecklistViewController.storyboard in Resources */ = {isa = PBXBuildFile; fileRef = 32425A3A22A4471F008349D0 /* CreateChecklistViewController.storyboard */; };
		32425A3D22A44732008349D0 /* CreateChecklistViewController.swift in Sources */ = {isa = PBXBuildFile; fileRef = 32425A3C22A44732008349D0 /* CreateChecklistViewController.swift */; };
		32425A3F22A44745008349D0 /* CreateChecklistModel.swift in Sources */ = {isa = PBXBuildFile; fileRef = 32425A3E22A44745008349D0 /* CreateChecklistModel.swift */; };
		3255C4E222EE100B00863C0F /* ChecklistDataProvider.swift in Sources */ = {isa = PBXBuildFile; fileRef = 3255C4E122EE100B00863C0F /* ChecklistDataProvider.swift */; };
		327B4CB622C3E940003ADB35 /* PlaceholderView.swift in Sources */ = {isa = PBXBuildFile; fileRef = 327B4CB522C3E940003ADB35 /* PlaceholderView.swift */; };
		3285D2D222C3D76F00356786 /* ListModel.swift in Sources */ = {isa = PBXBuildFile; fileRef = 3285D2D122C3D76F00356786 /* ListModel.swift */; };
		32A857BA22F20657000376F5 /* ChecklistTableViewCell.swift in Sources */ = {isa = PBXBuildFile; fileRef = 32A857B822F20657000376F5 /* ChecklistTableViewCell.swift */; };
		32A857BD22F21232000376F5 /* ChecklistTableView.swift in Sources */ = {isa = PBXBuildFile; fileRef = 32A857BC22F21232000376F5 /* ChecklistTableView.swift */; };
		32BC48A022CA851900C18814 /* Checklist.swift in Sources */ = {isa = PBXBuildFile; fileRef = 32BC489F22CA851900C18814 /* Checklist.swift */; };
		69170474245DA39F00DEAE06 /* WeekdayCell.swift in Sources */ = {isa = PBXBuildFile; fileRef = 69170473245DA39F00DEAE06 /* WeekdayCell.swift */; };
		69170476245DDC1900DEAE06 /* DateFormatter Extension.swift in Sources */ = {isa = PBXBuildFile; fileRef = 69170475245DDC1900DEAE06 /* DateFormatter Extension.swift */; };
		6941EAC0247591C900F858AF /* ChecklistDataProviderSpec.swift in Sources */ = {isa = PBXBuildFile; fileRef = 6941EABF247591C900F858AF /* ChecklistDataProviderSpec.swift */; };
		69A1C7B5242FCA56005E82AD /* IconSelectionCell.swift in Sources */ = {isa = PBXBuildFile; fileRef = 69A1C7B4242FCA56005E82AD /* IconSelectionCell.swift */; };
		69A1C7B7242FF95E005E82AD /* ChecklistIconCell.swift in Sources */ = {isa = PBXBuildFile; fileRef = 69A1C7B6242FF95E005E82AD /* ChecklistIconCell.swift */; };
		69A9CA7C24280AFD00F3F47C /* ChecklistDetailsController.swift in Sources */ = {isa = PBXBuildFile; fileRef = 69A9CA7B24280AFD00F3F47C /* ChecklistDetailsController.swift */; };
		69A9CA7E24280C8300F3F47C /* UIViewController Extension.swift in Sources */ = {isa = PBXBuildFile; fileRef = 69A9CA7D24280C8300F3F47C /* UIViewController Extension.swift */; };
/* End PBXBuildFile section */

/* Begin PBXContainerItemProxy section */
		6941EAC2247591C900F858AF /* PBXContainerItemProxy */ = {
			isa = PBXContainerItemProxy;
			containerPortal = 32425A0A22A43654008349D0 /* Project object */;
			proxyType = 1;
			remoteGlobalIDString = 32425A1122A43654008349D0;
			remoteInfo = Checklist;
		};
/* End PBXContainerItemProxy section */

/* Begin PBXFileReference section */
		0901D7632146DE214199C969 /* Pods-Checklist.release.xcconfig */ = {isa = PBXFileReference; includeInIndex = 1; lastKnownFileType = text.xcconfig; name = "Pods-Checklist.release.xcconfig"; path = "Pods/Target Support Files/Pods-Checklist/Pods-Checklist.release.xcconfig"; sourceTree = "<group>"; };
		322D03EF22C403E80040E25F /* NibLoadable.swift */ = {isa = PBXFileReference; lastKnownFileType = sourcecode.swift; path = NibLoadable.swift; sourceTree = "<group>"; };
		322D03F122C404FE0040E25F /* UIView Extension.swift */ = {isa = PBXFileReference; lastKnownFileType = sourcecode.swift; path = "UIView Extension.swift"; sourceTree = "<group>"; };
		322D03F722C40A2B0040E25F /* PlaceholderView.xib */ = {isa = PBXFileReference; lastKnownFileType = file.xib; path = PlaceholderView.xib; sourceTree = "<group>"; };
		3230728822F225A8002D0395 /* ChecklistTableViewCell.xib */ = {isa = PBXFileReference; lastKnownFileType = file.xib; path = ChecklistTableViewCell.xib; sourceTree = "<group>"; };
		3233C8C222F74AFF00914F7A /* ChecklistDetailsViewController.swift */ = {isa = PBXFileReference; lastKnownFileType = sourcecode.swift; path = ChecklistDetailsViewController.swift; sourceTree = "<group>"; };
		3233C8C422F74B1100914F7A /* ChecklistDetailsViewController.storyboard */ = {isa = PBXFileReference; lastKnownFileType = file.storyboard; path = ChecklistDetailsViewController.storyboard; sourceTree = "<group>"; };
		32425A1222A43654008349D0 /* ChecklistCreator.app */ = {isa = PBXFileReference; explicitFileType = wrapper.application; includeInIndex = 0; path = ChecklistCreator.app; sourceTree = BUILT_PRODUCTS_DIR; };
		32425A1522A43654008349D0 /* AppDelegate.swift */ = {isa = PBXFileReference; lastKnownFileType = sourcecode.swift; path = AppDelegate.swift; sourceTree = "<group>"; };
		32425A1C22A43656008349D0 /* Assets.xcassets */ = {isa = PBXFileReference; lastKnownFileType = folder.assetcatalog; path = Assets.xcassets; sourceTree = "<group>"; };
		32425A1F22A43656008349D0 /* Base */ = {isa = PBXFileReference; lastKnownFileType = file.storyboard; name = Base; path = Base.lproj/LaunchScreen.storyboard; sourceTree = "<group>"; };
		32425A2122A43656008349D0 /* Info.plist */ = {isa = PBXFileReference; lastKnownFileType = text.plist.xml; path = Info.plist; sourceTree = "<group>"; };
		32425A3122A437A2008349D0 /* ListViewController.storyboard */ = {isa = PBXFileReference; lastKnownFileType = file.storyboard; path = ListViewController.storyboard; sourceTree = "<group>"; };
		32425A3522A43B9E008349D0 /* ListViewController.swift */ = {isa = PBXFileReference; lastKnownFileType = sourcecode.swift; path = ListViewController.swift; sourceTree = "<group>"; };
		32425A3A22A4471F008349D0 /* CreateChecklistViewController.storyboard */ = {isa = PBXFileReference; lastKnownFileType = file.storyboard; path = CreateChecklistViewController.storyboard; sourceTree = "<group>"; };
		32425A3C22A44732008349D0 /* CreateChecklistViewController.swift */ = {isa = PBXFileReference; lastKnownFileType = sourcecode.swift; path = CreateChecklistViewController.swift; sourceTree = "<group>"; };
		32425A3E22A44745008349D0 /* CreateChecklistModel.swift */ = {isa = PBXFileReference; lastKnownFileType = sourcecode.swift; path = CreateChecklistModel.swift; sourceTree = "<group>"; };
		3255C4E122EE100B00863C0F /* ChecklistDataProvider.swift */ = {isa = PBXFileReference; lastKnownFileType = sourcecode.swift; path = ChecklistDataProvider.swift; sourceTree = "<group>"; };
		327B4CB522C3E940003ADB35 /* PlaceholderView.swift */ = {isa = PBXFileReference; lastKnownFileType = sourcecode.swift; path = PlaceholderView.swift; sourceTree = "<group>"; };
		3285D2D122C3D76F00356786 /* ListModel.swift */ = {isa = PBXFileReference; lastKnownFileType = sourcecode.swift; path = ListModel.swift; sourceTree = "<group>"; };
		32A857B822F20657000376F5 /* ChecklistTableViewCell.swift */ = {isa = PBXFileReference; lastKnownFileType = sourcecode.swift; path = ChecklistTableViewCell.swift; sourceTree = "<group>"; };
		32A857BC22F21232000376F5 /* ChecklistTableView.swift */ = {isa = PBXFileReference; lastKnownFileType = sourcecode.swift; path = ChecklistTableView.swift; sourceTree = "<group>"; };
		32BC489F22CA851900C18814 /* Checklist.swift */ = {isa = PBXFileReference; lastKnownFileType = sourcecode.swift; path = Checklist.swift; sourceTree = "<group>"; };
		69170473245DA39F00DEAE06 /* WeekdayCell.swift */ = {isa = PBXFileReference; lastKnownFileType = sourcecode.swift; path = WeekdayCell.swift; sourceTree = "<group>"; };
		69170475245DDC1900DEAE06 /* DateFormatter Extension.swift */ = {isa = PBXFileReference; lastKnownFileType = sourcecode.swift; path = "DateFormatter Extension.swift"; sourceTree = "<group>"; };
		6941EABD247591C900F858AF /* ChecklistCreatorTests.xctest */ = {isa = PBXFileReference; explicitFileType = wrapper.cfbundle; includeInIndex = 0; path = ChecklistCreatorTests.xctest; sourceTree = BUILT_PRODUCTS_DIR; };
		6941EABF247591C900F858AF /* ChecklistDataProviderSpec.swift */ = {isa = PBXFileReference; lastKnownFileType = sourcecode.swift; path = ChecklistDataProviderSpec.swift; sourceTree = "<group>"; };
		6941EAC1247591C900F858AF /* Info.plist */ = {isa = PBXFileReference; lastKnownFileType = text.plist.xml; path = Info.plist; sourceTree = "<group>"; };
		69A1C7B4242FCA56005E82AD /* IconSelectionCell.swift */ = {isa = PBXFileReference; lastKnownFileType = sourcecode.swift; path = IconSelectionCell.swift; sourceTree = "<group>"; };
		69A1C7B6242FF95E005E82AD /* ChecklistIconCell.swift */ = {isa = PBXFileReference; lastKnownFileType = sourcecode.swift; path = ChecklistIconCell.swift; sourceTree = "<group>"; };
		69A9CA7B24280AFD00F3F47C /* ChecklistDetailsController.swift */ = {isa = PBXFileReference; lastKnownFileType = sourcecode.swift; path = ChecklistDetailsController.swift; sourceTree = "<group>"; };
		69A9CA7D24280C8300F3F47C /* UIViewController Extension.swift */ = {isa = PBXFileReference; lastKnownFileType = sourcecode.swift; path = "UIViewController Extension.swift"; sourceTree = "<group>"; };
		8EB67019BC08ED779B4867BC /* Pods_ChecklistCreatorTests.framework */ = {isa = PBXFileReference; explicitFileType = wrapper.framework; includeInIndex = 0; path = Pods_ChecklistCreatorTests.framework; sourceTree = BUILT_PRODUCTS_DIR; };
		9CD92D1158343D47264D8955 /* Pods-Checklist creator.release.xcconfig */ = {isa = PBXFileReference; includeInIndex = 1; lastKnownFileType = text.xcconfig; name = "Pods-Checklist creator.release.xcconfig"; path = "Pods/Target Support Files/Pods-Checklist creator/Pods-Checklist creator.release.xcconfig"; sourceTree = "<group>"; };
		A452CCFC4AAC41EAFD43C9AF /* Pods-ChecklistCreatorTests.release.xcconfig */ = {isa = PBXFileReference; includeInIndex = 1; lastKnownFileType = text.xcconfig; name = "Pods-ChecklistCreatorTests.release.xcconfig"; path = "Pods/Target Support Files/Pods-ChecklistCreatorTests/Pods-ChecklistCreatorTests.release.xcconfig"; sourceTree = "<group>"; };
		A9CD392DE972DB324CFD6576 /* Pods_Checklist.framework */ = {isa = PBXFileReference; explicitFileType = wrapper.framework; includeInIndex = 0; path = Pods_Checklist.framework; sourceTree = BUILT_PRODUCTS_DIR; };
		D601A164474800929432DB70 /* Pods-Checklist.debug.xcconfig */ = {isa = PBXFileReference; includeInIndex = 1; lastKnownFileType = text.xcconfig; name = "Pods-Checklist.debug.xcconfig"; path = "Pods/Target Support Files/Pods-Checklist/Pods-Checklist.debug.xcconfig"; sourceTree = "<group>"; };
		DA01B5709B849C2722F27F10 /* Pods-ChecklistCreatorTests.debug.xcconfig */ = {isa = PBXFileReference; includeInIndex = 1; lastKnownFileType = text.xcconfig; name = "Pods-ChecklistCreatorTests.debug.xcconfig"; path = "Pods/Target Support Files/Pods-ChecklistCreatorTests/Pods-ChecklistCreatorTests.debug.xcconfig"; sourceTree = "<group>"; };
		E0B08EB564652DA9C9CA11C5 /* Pods-Checklist creator.debug.xcconfig */ = {isa = PBXFileReference; includeInIndex = 1; lastKnownFileType = text.xcconfig; name = "Pods-Checklist creator.debug.xcconfig"; path = "Pods/Target Support Files/Pods-Checklist creator/Pods-Checklist creator.debug.xcconfig"; sourceTree = "<group>"; };
/* End PBXFileReference section */

/* Begin PBXFrameworksBuildPhase section */
		32425A0F22A43654008349D0 /* Frameworks */ = {
			isa = PBXFrameworksBuildPhase;
			buildActionMask = 2147483647;
			files = (
				248138657C7815BA45F18B95 /* Pods_Checklist.framework in Frameworks */,
			);
			runOnlyForDeploymentPostprocessing = 0;
		};
		6941EABA247591C900F858AF /* Frameworks */ = {
			isa = PBXFrameworksBuildPhase;
			buildActionMask = 2147483647;
			files = (
				0AEFD28872FD9212145C44BA /* Pods_ChecklistCreatorTests.framework in Frameworks */,
			);
			runOnlyForDeploymentPostprocessing = 0;
		};
/* End PBXFrameworksBuildPhase section */

/* Begin PBXGroup section */
		03166C4B4CB4467075811A09 /* Frameworks */ = {
			isa = PBXGroup;
			children = (
				A9CD392DE972DB324CFD6576 /* Pods_Checklist.framework */,
				8EB67019BC08ED779B4867BC /* Pods_ChecklistCreatorTests.framework */,
			);
			name = Frameworks;
			sourceTree = "<group>";
		};
		322D03EE22C403CF0040E25F /* Utils */ = {
			isa = PBXGroup;
			children = (
				322D03EF22C403E80040E25F /* NibLoadable.swift */,
				322D03F122C404FE0040E25F /* UIView Extension.swift */,
				69A9CA7D24280C8300F3F47C /* UIViewController Extension.swift */,
				69170475245DDC1900DEAE06 /* DateFormatter Extension.swift */,
			);
			path = Utils;
			sourceTree = "<group>";
		};
		3233C8C122F74AD700914F7A /* Checklist Details */ = {
			isa = PBXGroup;
			children = (
				3233C8C222F74AFF00914F7A /* ChecklistDetailsViewController.swift */,
				3233C8C422F74B1100914F7A /* ChecklistDetailsViewController.storyboard */,
				69A9CA7B24280AFD00F3F47C /* ChecklistDetailsController.swift */,
				69A1C7B6242FF95E005E82AD /* ChecklistIconCell.swift */,
				69170473245DA39F00DEAE06 /* WeekdayCell.swift */,
			);
			path = "Checklist Details";
			sourceTree = "<group>";
		};
		32425A0922A43654008349D0 = {
			isa = PBXGroup;
			children = (
				32425A1522A43654008349D0 /* AppDelegate.swift */,
				32425A1E22A43656008349D0 /* LaunchScreen.storyboard */,
				32425A1C22A43656008349D0 /* Assets.xcassets */,
				32425A2122A43656008349D0 /* Info.plist */,
				69A51EC3247C757B0079CE29 /* Modules */,
				322D03EE22C403CF0040E25F /* Utils */,
				6941EABE247591C900F858AF /* ChecklistCreatorTests */,
				32425A1322A43654008349D0 /* Products */,
				67FF49AA59097F8E7D306B02 /* Pods */,
				03166C4B4CB4467075811A09 /* Frameworks */,
			);
			sourceTree = "<group>";
		};
		32425A1322A43654008349D0 /* Products */ = {
			isa = PBXGroup;
			children = (
				32425A1222A43654008349D0 /* ChecklistCreator.app */,
				6941EABD247591C900F858AF /* ChecklistCreatorTests.xctest */,
			);
			name = Products;
			sourceTree = "<group>";
		};
		32425A1422A43654008349D0 /* Checklists List */ = {
			isa = PBXGroup;
			children = (
				32425A3522A43B9E008349D0 /* ListViewController.swift */,
				32425A3122A437A2008349D0 /* ListViewController.storyboard */,
				3285D2D122C3D76F00356786 /* ListModel.swift */,
				32A857BC22F21232000376F5 /* ChecklistTableView.swift */,
				32A857B822F20657000376F5 /* ChecklistTableViewCell.swift */,
				3230728822F225A8002D0395 /* ChecklistTableViewCell.xib */,
				322D03F722C40A2B0040E25F /* PlaceholderView.xib */,
				327B4CB522C3E940003ADB35 /* PlaceholderView.swift */,
			);
			path = "Checklists List";
			sourceTree = "<group>";
		};
		32425A3922A446FC008349D0 /* New Checklist */ = {
			isa = PBXGroup;
			children = (
				69A1C7A9242FB377005E82AD /* IconSelectionCollectionView */,
				32425A3A22A4471F008349D0 /* CreateChecklistViewController.storyboard */,
				32425A3C22A44732008349D0 /* CreateChecklistViewController.swift */,
				32425A3E22A44745008349D0 /* CreateChecklistModel.swift */,
			);
			path = "New Checklist";
			sourceTree = "<group>";
		};
		32BC48A422CA868700C18814 /* Checklist */ = {
			isa = PBXGroup;
			children = (
				32BC489F22CA851900C18814 /* Checklist.swift */,
				3255C4E122EE100B00863C0F /* ChecklistDataProvider.swift */,
			);
			name = Checklist;
			path = ..;
			sourceTree = "<group>";
		};
		67FF49AA59097F8E7D306B02 /* Pods */ = {
			isa = PBXGroup;
			children = (
				E0B08EB564652DA9C9CA11C5 /* Pods-Checklist creator.debug.xcconfig */,
				9CD92D1158343D47264D8955 /* Pods-Checklist creator.release.xcconfig */,
				D601A164474800929432DB70 /* Pods-Checklist.debug.xcconfig */,
				0901D7632146DE214199C969 /* Pods-Checklist.release.xcconfig */,
				DA01B5709B849C2722F27F10 /* Pods-ChecklistCreatorTests.debug.xcconfig */,
				A452CCFC4AAC41EAFD43C9AF /* Pods-ChecklistCreatorTests.release.xcconfig */,
			);
			name = Pods;
			sourceTree = "<group>";
		};
		6941EABE247591C900F858AF /* ChecklistCreatorTests */ = {
			isa = PBXGroup;
			children = (
				6941EABF247591C900F858AF /* ChecklistDataProviderSpec.swift */,
				6941EAC1247591C900F858AF /* Info.plist */,
			);
			path = ChecklistCreatorTests;
			sourceTree = "<group>";
		};
		69A1C7A9242FB377005E82AD /* IconSelectionCollectionView */ = {
			isa = PBXGroup;
			children = (
				69A1C7B4242FCA56005E82AD /* IconSelectionCell.swift */,
			);
			path = IconSelectionCollectionView;
			sourceTree = "<group>";
		};
		69A51EC3247C757B0079CE29 /* Modules */ = {
			isa = PBXGroup;
			children = (
				32425A3922A446FC008349D0 /* New Checklist */,
				32BC48A422CA868700C18814 /* Checklist */,
				3233C8C122F74AD700914F7A /* Checklist Details */,
				32425A1422A43654008349D0 /* Checklists List */,
			);
			path = Modules;
			sourceTree = "<group>";
		};
/* End PBXGroup section */

/* Begin PBXNativeTarget section */
		32425A1122A43654008349D0 /* Checklist */ = {
			isa = PBXNativeTarget;
			buildConfigurationList = 32425A2422A43656008349D0 /* Build configuration list for PBXNativeTarget "Checklist" */;
			buildPhases = (
				6C6DFC4C1AFFE77D040B7DC5 /* [CP] Check Pods Manifest.lock */,
				32425A0E22A43654008349D0 /* Sources */,
				32425A0F22A43654008349D0 /* Frameworks */,
				32425A1022A43654008349D0 /* Resources */,
				E3D4416076122A65B556AA95 /* [CP] Embed Pods Frameworks */,
			);
			buildRules = (
			);
			dependencies = (
			);
			name = Checklist;
			productName = "Checklist creator";
			productReference = 32425A1222A43654008349D0 /* ChecklistCreator.app */;
			productType = "com.apple.product-type.application";
		};
		6941EABC247591C900F858AF /* ChecklistCreatorTests */ = {
			isa = PBXNativeTarget;
			buildConfigurationList = 6941EAC6247591C900F858AF /* Build configuration list for PBXNativeTarget "ChecklistCreatorTests" */;
			buildPhases = (
				B007B50CA50C7DCECC476A62 /* [CP] Check Pods Manifest.lock */,
				6941EAB9247591C900F858AF /* Sources */,
				6941EABA247591C900F858AF /* Frameworks */,
				6941EABB247591C900F858AF /* Resources */,
				E1543629C41BCD7462000AF2 /* [CP] Embed Pods Frameworks */,
			);
			buildRules = (
			);
			dependencies = (
				6941EAC3247591C900F858AF /* PBXTargetDependency */,
			);
			name = ChecklistCreatorTests;
			productName = ChecklistCreatorTests;
			productReference = 6941EABD247591C900F858AF /* ChecklistCreatorTests.xctest */;
			productType = "com.apple.product-type.bundle.unit-test";
		};
/* End PBXNativeTarget section */

/* Begin PBXProject section */
		32425A0A22A43654008349D0 /* Project object */ = {
			isa = PBXProject;
			attributes = {
				LastSwiftUpdateCheck = 1140;
				LastUpgradeCheck = 1020;
				ORGANIZATIONNAME = klyushkina;
				TargetAttributes = {
					32425A1122A43654008349D0 = {
						CreatedOnToolsVersion = 10.2;
					};
					6941EABC247591C900F858AF = {
						CreatedOnToolsVersion = 11.4.1;
						TestTargetID = 32425A1122A43654008349D0;
					};
				};
			};
			buildConfigurationList = 32425A0D22A43654008349D0 /* Build configuration list for PBXProject "Checklist" */;
			compatibilityVersion = "Xcode 9.3";
			developmentRegion = en;
			hasScannedForEncodings = 0;
			knownRegions = (
				en,
				Base,
			);
			mainGroup = 32425A0922A43654008349D0;
			productRefGroup = 32425A1322A43654008349D0 /* Products */;
			projectDirPath = "";
			projectRoot = "";
			targets = (
				32425A1122A43654008349D0 /* Checklist */,
				6941EABC247591C900F858AF /* ChecklistCreatorTests */,
			);
		};
/* End PBXProject section */

/* Begin PBXResourcesBuildPhase section */
		32425A1022A43654008349D0 /* Resources */ = {
			isa = PBXResourcesBuildPhase;
			buildActionMask = 2147483647;
			files = (
				3230728922F225A8002D0395 /* ChecklistTableViewCell.xib in Resources */,
				322D03F922C40A880040E25F /* PlaceholderView.xib in Resources */,
				32425A3B22A4471F008349D0 /* CreateChecklistViewController.storyboard in Resources */,
				32425A2022A43656008349D0 /* LaunchScreen.storyboard in Resources */,
				32425A3222A437A2008349D0 /* ListViewController.storyboard in Resources */,
				32425A1D22A43656008349D0 /* Assets.xcassets in Resources */,
				3233C8C522F74B1100914F7A /* ChecklistDetailsViewController.storyboard in Resources */,
			);
			runOnlyForDeploymentPostprocessing = 0;
		};
		6941EABB247591C900F858AF /* Resources */ = {
			isa = PBXResourcesBuildPhase;
			buildActionMask = 2147483647;
			files = (
			);
			runOnlyForDeploymentPostprocessing = 0;
		};
/* End PBXResourcesBuildPhase section */

/* Begin PBXShellScriptBuildPhase section */
		6C6DFC4C1AFFE77D040B7DC5 /* [CP] Check Pods Manifest.lock */ = {
			isa = PBXShellScriptBuildPhase;
			buildActionMask = 2147483647;
			files = (
			);
			inputFileListPaths = (
			);
			inputPaths = (
				"${PODS_PODFILE_DIR_PATH}/Podfile.lock",
				"${PODS_ROOT}/Manifest.lock",
			);
			name = "[CP] Check Pods Manifest.lock";
			outputFileListPaths = (
			);
			outputPaths = (
				"$(DERIVED_FILE_DIR)/Pods-Checklist-checkManifestLockResult.txt",
			);
			runOnlyForDeploymentPostprocessing = 0;
			shellPath = /bin/sh;
			shellScript = "diff \"${PODS_PODFILE_DIR_PATH}/Podfile.lock\" \"${PODS_ROOT}/Manifest.lock\" > /dev/null\nif [ $? != 0 ] ; then\n    # print error to STDERR\n    echo \"error: The sandbox is not in sync with the Podfile.lock. Run 'pod install' or update your CocoaPods installation.\" >&2\n    exit 1\nfi\n# This output is used by Xcode 'outputs' to avoid re-running this script phase.\necho \"SUCCESS\" > \"${SCRIPT_OUTPUT_FILE_0}\"\n";
			showEnvVarsInLog = 0;
		};
		B007B50CA50C7DCECC476A62 /* [CP] Check Pods Manifest.lock */ = {
			isa = PBXShellScriptBuildPhase;
			buildActionMask = 2147483647;
			files = (
			);
			inputFileListPaths = (
			);
			inputPaths = (
				"${PODS_PODFILE_DIR_PATH}/Podfile.lock",
				"${PODS_ROOT}/Manifest.lock",
			);
			name = "[CP] Check Pods Manifest.lock";
			outputFileListPaths = (
			);
			outputPaths = (
				"$(DERIVED_FILE_DIR)/Pods-ChecklistCreatorTests-checkManifestLockResult.txt",
			);
			runOnlyForDeploymentPostprocessing = 0;
			shellPath = /bin/sh;
			shellScript = "diff \"${PODS_PODFILE_DIR_PATH}/Podfile.lock\" \"${PODS_ROOT}/Manifest.lock\" > /dev/null\nif [ $? != 0 ] ; then\n    # print error to STDERR\n    echo \"error: The sandbox is not in sync with the Podfile.lock. Run 'pod install' or update your CocoaPods installation.\" >&2\n    exit 1\nfi\n# This output is used by Xcode 'outputs' to avoid re-running this script phase.\necho \"SUCCESS\" > \"${SCRIPT_OUTPUT_FILE_0}\"\n";
			showEnvVarsInLog = 0;
		};
		E1543629C41BCD7462000AF2 /* [CP] Embed Pods Frameworks */ = {
			isa = PBXShellScriptBuildPhase;
			buildActionMask = 2147483647;
			files = (
			);
			inputFileListPaths = (
				"${PODS_ROOT}/Target Support Files/Pods-ChecklistCreatorTests/Pods-ChecklistCreatorTests-frameworks-${CONFIGURATION}-input-files.xcfilelist",
			);
			name = "[CP] Embed Pods Frameworks";
			outputFileListPaths = (
				"${PODS_ROOT}/Target Support Files/Pods-ChecklistCreatorTests/Pods-ChecklistCreatorTests-frameworks-${CONFIGURATION}-output-files.xcfilelist",
			);
			runOnlyForDeploymentPostprocessing = 0;
			shellPath = /bin/sh;
			shellScript = "\"${PODS_ROOT}/Target Support Files/Pods-ChecklistCreatorTests/Pods-ChecklistCreatorTests-frameworks.sh\"\n";
			showEnvVarsInLog = 0;
		};
		E3D4416076122A65B556AA95 /* [CP] Embed Pods Frameworks */ = {
			isa = PBXShellScriptBuildPhase;
			buildActionMask = 2147483647;
			files = (
			);
			inputFileListPaths = (
				"${PODS_ROOT}/Target Support Files/Pods-Checklist/Pods-Checklist-frameworks-${CONFIGURATION}-input-files.xcfilelist",
			);
			name = "[CP] Embed Pods Frameworks";
			outputFileListPaths = (
				"${PODS_ROOT}/Target Support Files/Pods-Checklist/Pods-Checklist-frameworks-${CONFIGURATION}-output-files.xcfilelist",
			);
			runOnlyForDeploymentPostprocessing = 0;
			shellPath = /bin/sh;
			shellScript = "\"${PODS_ROOT}/Target Support Files/Pods-Checklist/Pods-Checklist-frameworks.sh\"\n";
			showEnvVarsInLog = 0;
		};
/* End PBXShellScriptBuildPhase section */

/* Begin PBXSourcesBuildPhase section */
		32425A0E22A43654008349D0 /* Sources */ = {
			isa = PBXSourcesBuildPhase;
			buildActionMask = 2147483647;
			files = (
				69A1C7B7242FF95E005E82AD /* ChecklistIconCell.swift in Sources */,
				32425A3F22A44745008349D0 /* CreateChecklistModel.swift in Sources */,
				32425A3D22A44732008349D0 /* CreateChecklistViewController.swift in Sources */,
				69A9CA7E24280C8300F3F47C /* UIViewController Extension.swift in Sources */,
				69170474245DA39F00DEAE06 /* WeekdayCell.swift in Sources */,
				69170476245DDC1900DEAE06 /* DateFormatter Extension.swift in Sources */,
				32BC48A022CA851900C18814 /* Checklist.swift in Sources */,
				322D03F022C403E80040E25F /* NibLoadable.swift in Sources */,
				3285D2D222C3D76F00356786 /* ListModel.swift in Sources */,
				3233C8C322F74AFF00914F7A /* ChecklistDetailsViewController.swift in Sources */,
				3255C4E222EE100B00863C0F /* ChecklistDataProvider.swift in Sources */,
				32A857BA22F20657000376F5 /* ChecklistTableViewCell.swift in Sources */,
				32425A3622A43B9E008349D0 /* ListViewController.swift in Sources */,
				69A1C7B5242FCA56005E82AD /* IconSelectionCell.swift in Sources */,
				32A857BD22F21232000376F5 /* ChecklistTableView.swift in Sources */,
				32425A1622A43654008349D0 /* AppDelegate.swift in Sources */,
				327B4CB622C3E940003ADB35 /* PlaceholderView.swift in Sources */,
				69A9CA7C24280AFD00F3F47C /* ChecklistDetailsController.swift in Sources */,
				322D03F222C404FE0040E25F /* UIView Extension.swift in Sources */,
			);
			runOnlyForDeploymentPostprocessing = 0;
		};
		6941EAB9247591C900F858AF /* Sources */ = {
			isa = PBXSourcesBuildPhase;
			buildActionMask = 2147483647;
			files = (
				6941EAC0247591C900F858AF /* ChecklistDataProviderSpec.swift in Sources */,
			);
			runOnlyForDeploymentPostprocessing = 0;
		};
/* End PBXSourcesBuildPhase section */

/* Begin PBXTargetDependency section */
		6941EAC3247591C900F858AF /* PBXTargetDependency */ = {
			isa = PBXTargetDependency;
			target = 32425A1122A43654008349D0 /* Checklist */;
			targetProxy = 6941EAC2247591C900F858AF /* PBXContainerItemProxy */;
		};
/* End PBXTargetDependency section */

/* Begin PBXVariantGroup section */
		32425A1E22A43656008349D0 /* LaunchScreen.storyboard */ = {
			isa = PBXVariantGroup;
			children = (
				32425A1F22A43656008349D0 /* Base */,
			);
			name = LaunchScreen.storyboard;
			sourceTree = "<group>";
		};
/* End PBXVariantGroup section */

/* Begin XCBuildConfiguration section */
		32425A2222A43656008349D0 /* Debug */ = {
			isa = XCBuildConfiguration;
			buildSettings = {
				ALWAYS_SEARCH_USER_PATHS = NO;
				CLANG_ANALYZER_NONNULL = YES;
				CLANG_ANALYZER_NUMBER_OBJECT_CONVERSION = YES_AGGRESSIVE;
				CLANG_CXX_LANGUAGE_STANDARD = "gnu++14";
				CLANG_CXX_LIBRARY = "libc++";
				CLANG_ENABLE_MODULES = YES;
				CLANG_ENABLE_OBJC_ARC = YES;
				CLANG_ENABLE_OBJC_WEAK = YES;
				CLANG_WARN_BLOCK_CAPTURE_AUTORELEASING = YES;
				CLANG_WARN_BOOL_CONVERSION = YES;
				CLANG_WARN_COMMA = YES;
				CLANG_WARN_CONSTANT_CONVERSION = YES;
				CLANG_WARN_DEPRECATED_OBJC_IMPLEMENTATIONS = YES;
				CLANG_WARN_DIRECT_OBJC_ISA_USAGE = YES_ERROR;
				CLANG_WARN_DOCUMENTATION_COMMENTS = YES;
				CLANG_WARN_EMPTY_BODY = YES;
				CLANG_WARN_ENUM_CONVERSION = YES;
				CLANG_WARN_INFINITE_RECURSION = YES;
				CLANG_WARN_INT_CONVERSION = YES;
				CLANG_WARN_NON_LITERAL_NULL_CONVERSION = YES;
				CLANG_WARN_OBJC_IMPLICIT_RETAIN_SELF = YES;
				CLANG_WARN_OBJC_LITERAL_CONVERSION = YES;
				CLANG_WARN_OBJC_ROOT_CLASS = YES_ERROR;
				CLANG_WARN_RANGE_LOOP_ANALYSIS = YES;
				CLANG_WARN_STRICT_PROTOTYPES = YES;
				CLANG_WARN_SUSPICIOUS_MOVE = YES;
				CLANG_WARN_UNGUARDED_AVAILABILITY = YES_AGGRESSIVE;
				CLANG_WARN_UNREACHABLE_CODE = YES;
				CLANG_WARN__DUPLICATE_METHOD_MATCH = YES;
				CODE_SIGN_IDENTITY = "iPhone Developer";
				COPY_PHASE_STRIP = NO;
				DEBUG_INFORMATION_FORMAT = dwarf;
				ENABLE_STRICT_OBJC_MSGSEND = YES;
				ENABLE_TESTABILITY = YES;
				GCC_C_LANGUAGE_STANDARD = gnu11;
				GCC_DYNAMIC_NO_PIC = NO;
				GCC_NO_COMMON_BLOCKS = YES;
				GCC_OPTIMIZATION_LEVEL = 0;
				GCC_PREPROCESSOR_DEFINITIONS = (
					"DEBUG=1",
					"$(inherited)",
				);
				GCC_WARN_64_TO_32_BIT_CONVERSION = YES;
				GCC_WARN_ABOUT_RETURN_TYPE = YES_ERROR;
				GCC_WARN_UNDECLARED_SELECTOR = YES;
				GCC_WARN_UNINITIALIZED_AUTOS = YES_AGGRESSIVE;
				GCC_WARN_UNUSED_FUNCTION = YES;
				GCC_WARN_UNUSED_VARIABLE = YES;
				IPHONEOS_DEPLOYMENT_TARGET = 12.2;
				MTL_ENABLE_DEBUG_INFO = INCLUDE_SOURCE;
				MTL_FAST_MATH = YES;
				ONLY_ACTIVE_ARCH = YES;
				SDKROOT = iphoneos;
				SWIFT_ACTIVE_COMPILATION_CONDITIONS = DEBUG;
				SWIFT_OPTIMIZATION_LEVEL = "-Onone";
			};
			name = Debug;
		};
		32425A2322A43656008349D0 /* Release */ = {
			isa = XCBuildConfiguration;
			buildSettings = {
				ALWAYS_SEARCH_USER_PATHS = NO;
				CLANG_ANALYZER_NONNULL = YES;
				CLANG_ANALYZER_NUMBER_OBJECT_CONVERSION = YES_AGGRESSIVE;
				CLANG_CXX_LANGUAGE_STANDARD = "gnu++14";
				CLANG_CXX_LIBRARY = "libc++";
				CLANG_ENABLE_MODULES = YES;
				CLANG_ENABLE_OBJC_ARC = YES;
				CLANG_ENABLE_OBJC_WEAK = YES;
				CLANG_WARN_BLOCK_CAPTURE_AUTORELEASING = YES;
				CLANG_WARN_BOOL_CONVERSION = YES;
				CLANG_WARN_COMMA = YES;
				CLANG_WARN_CONSTANT_CONVERSION = YES;
				CLANG_WARN_DEPRECATED_OBJC_IMPLEMENTATIONS = YES;
				CLANG_WARN_DIRECT_OBJC_ISA_USAGE = YES_ERROR;
				CLANG_WARN_DOCUMENTATION_COMMENTS = YES;
				CLANG_WARN_EMPTY_BODY = YES;
				CLANG_WARN_ENUM_CONVERSION = YES;
				CLANG_WARN_INFINITE_RECURSION = YES;
				CLANG_WARN_INT_CONVERSION = YES;
				CLANG_WARN_NON_LITERAL_NULL_CONVERSION = YES;
				CLANG_WARN_OBJC_IMPLICIT_RETAIN_SELF = YES;
				CLANG_WARN_OBJC_LITERAL_CONVERSION = YES;
				CLANG_WARN_OBJC_ROOT_CLASS = YES_ERROR;
				CLANG_WARN_RANGE_LOOP_ANALYSIS = YES;
				CLANG_WARN_STRICT_PROTOTYPES = YES;
				CLANG_WARN_SUSPICIOUS_MOVE = YES;
				CLANG_WARN_UNGUARDED_AVAILABILITY = YES_AGGRESSIVE;
				CLANG_WARN_UNREACHABLE_CODE = YES;
				CLANG_WARN__DUPLICATE_METHOD_MATCH = YES;
				CODE_SIGN_IDENTITY = "iPhone Developer";
				COPY_PHASE_STRIP = NO;
				DEBUG_INFORMATION_FORMAT = "dwarf-with-dsym";
				ENABLE_NS_ASSERTIONS = NO;
				ENABLE_STRICT_OBJC_MSGSEND = YES;
				GCC_C_LANGUAGE_STANDARD = gnu11;
				GCC_NO_COMMON_BLOCKS = YES;
				GCC_WARN_64_TO_32_BIT_CONVERSION = YES;
				GCC_WARN_ABOUT_RETURN_TYPE = YES_ERROR;
				GCC_WARN_UNDECLARED_SELECTOR = YES;
				GCC_WARN_UNINITIALIZED_AUTOS = YES_AGGRESSIVE;
				GCC_WARN_UNUSED_FUNCTION = YES;
				GCC_WARN_UNUSED_VARIABLE = YES;
				IPHONEOS_DEPLOYMENT_TARGET = 12.2;
				MTL_ENABLE_DEBUG_INFO = NO;
				MTL_FAST_MATH = YES;
				SDKROOT = iphoneos;
				SWIFT_COMPILATION_MODE = wholemodule;
				SWIFT_OPTIMIZATION_LEVEL = "-O";
				VALIDATE_PRODUCT = YES;
			};
			name = Release;
		};
		32425A2522A43656008349D0 /* Debug */ = {
			isa = XCBuildConfiguration;
			baseConfigurationReference = D601A164474800929432DB70 /* Pods-Checklist.debug.xcconfig */;
			buildSettings = {
				ASSETCATALOG_COMPILER_APPICON_NAME = AppIcon;
				CODE_SIGN_IDENTITY = "Apple Development";
				CODE_SIGN_STYLE = Automatic;
				DEVELOPMENT_TEAM = PTT8AW7PPX;
				INFOPLIST_FILE = "$(SRCROOT)/List of checklist/Info.plist";
				IPHONEOS_DEPLOYMENT_TARGET = 12.1;
				LD_RUNPATH_SEARCH_PATHS = (
					"$(inherited)",
					"@executable_path/Frameworks",
				);
				PRODUCT_BUNDLE_IDENTIFIER = com.klyushkina.Checklist;
				PRODUCT_NAME = ChecklistCreator;
				PROVISIONING_PROFILE_SPECIFIER = "";
				SWIFT_VERSION = 5.0;
				TARGETED_DEVICE_FAMILY = "1,2";
			};
			name = Debug;
		};
		32425A2622A43656008349D0 /* Release */ = {
			isa = XCBuildConfiguration;
			baseConfigurationReference = 0901D7632146DE214199C969 /* Pods-Checklist.release.xcconfig */;
			buildSettings = {
				ASSETCATALOG_COMPILER_APPICON_NAME = AppIcon;
				CODE_SIGN_STYLE = Automatic;
				DEVELOPMENT_TEAM = PTT8AW7PPX;
				INFOPLIST_FILE = "$(SRCROOT)/List of checklist/Info.plist";
				IPHONEOS_DEPLOYMENT_TARGET = 12.1;
				LD_RUNPATH_SEARCH_PATHS = (
					"$(inherited)",
					"@executable_path/Frameworks",
				);
				PRODUCT_BUNDLE_IDENTIFIER = com.klyushkina.Checklist;
				PRODUCT_NAME = ChecklistCreator;
				SWIFT_VERSION = 5.0;
				TARGETED_DEVICE_FAMILY = "1,2";
			};
			name = Release;
		};
		6941EAC4247591C900F858AF /* Debug */ = {
			isa = XCBuildConfiguration;
			baseConfigurationReference = DA01B5709B849C2722F27F10 /* Pods-ChecklistCreatorTests.debug.xcconfig */;
			buildSettings = {
				BUNDLE_LOADER = "$(TEST_HOST)";
				CODE_SIGN_STYLE = Automatic;
				DEVELOPMENT_TEAM = PTT8AW7PPX;
				INFOPLIST_FILE = ChecklistCreatorTests/Info.plist;
				IPHONEOS_DEPLOYMENT_TARGET = 13.4;
				LD_RUNPATH_SEARCH_PATHS = (
					"$(inherited)",
					"@executable_path/Frameworks",
					"@loader_path/Frameworks",
				);
				PRODUCT_BUNDLE_IDENTIFIER = oklyushkina.ChecklistCreatorTests;
				PRODUCT_NAME = "$(TARGET_NAME)";
				SWIFT_VERSION = 5.0;
				TARGETED_DEVICE_FAMILY = "1,2";
				TEST_HOST = "$(BUILT_PRODUCTS_DIR)/ChecklistCreator.app/ChecklistCreator";
			};
			name = Debug;
		};
		6941EAC5247591C900F858AF /* Release */ = {
			isa = XCBuildConfiguration;
			baseConfigurationReference = A452CCFC4AAC41EAFD43C9AF /* Pods-ChecklistCreatorTests.release.xcconfig */;
			buildSettings = {
				BUNDLE_LOADER = "$(TEST_HOST)";
				CODE_SIGN_STYLE = Automatic;
				DEVELOPMENT_TEAM = PTT8AW7PPX;
				INFOPLIST_FILE = ChecklistCreatorTests/Info.plist;
				IPHONEOS_DEPLOYMENT_TARGET = 13.4;
				LD_RUNPATH_SEARCH_PATHS = (
					"$(inherited)",
					"@executable_path/Frameworks",
					"@loader_path/Frameworks",
				);
				PRODUCT_BUNDLE_IDENTIFIER = oklyushkina.ChecklistCreatorTests;
				PRODUCT_NAME = "$(TARGET_NAME)";
				SWIFT_VERSION = 5.0;
				TARGETED_DEVICE_FAMILY = "1,2";
				TEST_HOST = "$(BUILT_PRODUCTS_DIR)/ChecklistCreator.app/ChecklistCreator";
			};
			name = Release;
		};
/* End XCBuildConfiguration section */

/* Begin XCConfigurationList section */
		32425A0D22A43654008349D0 /* Build configuration list for PBXProject "Checklist" */ = {
			isa = XCConfigurationList;
			buildConfigurations = (
				32425A2222A43656008349D0 /* Debug */,
				32425A2322A43656008349D0 /* Release */,
			);
			defaultConfigurationIsVisible = 0;
			defaultConfigurationName = Release;
		};
		32425A2422A43656008349D0 /* Build configuration list for PBXNativeTarget "Checklist" */ = {
			isa = XCConfigurationList;
			buildConfigurations = (
				32425A2522A43656008349D0 /* Debug */,
				32425A2622A43656008349D0 /* Release */,
			);
			defaultConfigurationIsVisible = 0;
			defaultConfigurationName = Release;
		};
		6941EAC6247591C900F858AF /* Build configuration list for PBXNativeTarget "ChecklistCreatorTests" */ = {
			isa = XCConfigurationList;
			buildConfigurations = (
				6941EAC4247591C900F858AF /* Debug */,
				6941EAC5247591C900F858AF /* Release */,
			);
			defaultConfigurationIsVisible = 0;
			defaultConfigurationName = Release;
		};
/* End XCConfigurationList section */
	};
	rootObject = 32425A0A22A43654008349D0 /* Project object */;
}
